
Microsoft Visual Studio Solution File, Format Version 12.00
# Visual Studio 15
VisualStudioVersion = 15.0.28010.2050
MinimumVisualStudioVersion = 10.0.40219.1
Project("{FAE04EC0-301F-11D3-BF4B-00C04F79EFBC}") = "CocosSharpGame1", "CocosSharpGame1\CocosSharpGame1\CocosSharpGame1.csproj", "{F356BB75-0913-4C4B-A186-F553C7F3C7D1}"
EndProject
Project("{FAE04EC0-301F-11D3-BF4B-00C04F79EFBC}") = "CocosSharpGame1.Droid", "CocosSharpGame1\CocosSharpGame1.Droid\CocosSharpGame1.Droid.csproj", "{74092D2A-5AC3-4AB0-8A30-D4F49A4162BC}"
EndProject
Project("{FAE04EC0-301F-11D3-BF4B-00C04F79EFBC}") = "CocosSharpGame1.iOS", "CocosSharpGame1\CocosSharpGame1.iOS\CocosSharpGame1.iOS.csproj", "{A9670A63-EB4A-41C7-A109-FA7FD302B77F}"
EndProject
Global
	GlobalSection(SolutionConfigurationPlatforms) = preSolution
		Ad-Hoc|Any CPU = Ad-Hoc|Any CPU
		Ad-Hoc|iPhone = Ad-Hoc|iPhone
		Ad-Hoc|iPhoneSimulator = Ad-Hoc|iPhoneSimulator
		AppStore|Any CPU = AppStore|Any CPU
		AppStore|iPhone = AppStore|iPhone
		AppStore|iPhoneSimulator = AppStore|iPhoneSimulator
		Debug|Any CPU = Debug|Any CPU
		Debug|iPhone = Debug|iPhone
		Debug|iPhoneSimulator = Debug|iPhoneSimulator
		Release|Any CPU = Release|Any CPU
		Release|iPhone = Release|iPhone
		Release|iPhoneSimulator = Release|iPhoneSimulator
	EndGlobalSection
	GlobalSection(ProjectConfigurationPlatforms) = postSolution
		{F356BB75-0913-4C4B-A186-F553C7F3C7D1}.Ad-Hoc|Any CPU.ActiveCfg = Release|Any CPU
		{F356BB75-0913-4C4B-A186-F553C7F3C7D1}.Ad-Hoc|Any CPU.Build.0 = Release|Any CPU
		{F356BB75-0913-4C4B-A186-F553C7F3C7D1}.Ad-Hoc|iPhone.ActiveCfg = Release|Any CPU
		{F356BB75-0913-4C4B-A186-F553C7F3C7D1}.Ad-Hoc|iPhone.Build.0 = Release|Any CPU
		{F356BB75-0913-4C4B-A186-F553C7F3C7D1}.Ad-Hoc|iPhoneSimulator.ActiveCfg = Release|Any CPU
		{F356BB75-0913-4C4B-A186-F553C7F3C7D1}.Ad-Hoc|iPhoneSimulator.Build.0 = Release|Any CPU
		{F356BB75-0913-4C4B-A186-F553C7F3C7D1}.AppStore|Any CPU.ActiveCfg = Release|Any CPU
		{F356BB75-0913-4C4B-A186-F553C7F3C7D1}.AppStore|Any CPU.Build.0 = Release|Any CPU
		{F356BB75-0913-4C4B-A186-F553C7F3C7D1}.AppStore|iPhone.ActiveCfg = Release|Any CPU
		{F356BB75-0913-4C4B-A186-F553C7F3C7D1}.AppStore|iPhone.Build.0 = Release|Any CPU
		{F356BB75-0913-4C4B-A186-F553C7F3C7D1}.AppStore|iPhoneSimulator.ActiveCfg = Release|Any CPU
		{F356BB75-0913-4C4B-A186-F553C7F3C7D1}.AppStore|iPhoneSimulator.Build.0 = Release|Any CPU
		{F356BB75-0913-4C4B-A186-F553C7F3C7D1}.Debug|Any CPU.ActiveCfg = Debug|Any CPU
		{F356BB75-0913-4C4B-A186-F553C7F3C7D1}.Debug|Any CPU.Build.0 = Debug|Any CPU
		{F356BB75-0913-4C4B-A186-F553C7F3C7D1}.Debug|iPhone.ActiveCfg = Debug|Any CPU
		{F356BB75-0913-4C4B-A186-F553C7F3C7D1}.Debug|iPhone.Build.0 = Debug|Any CPU
		{F356BB75-0913-4C4B-A186-F553C7F3C7D1}.Debug|iPhoneSimulator.ActiveCfg = Debug|Any CPU
		{F356BB75-0913-4C4B-A186-F553C7F3C7D1}.Debug|iPhoneSimulator.Build.0 = Debug|Any CPU
		{F356BB75-0913-4C4B-A186-F553C7F3C7D1}.Release|Any CPU.ActiveCfg = Release|Any CPU
		{F356BB75-0913-4C4B-A186-F553C7F3C7D1}.Release|Any CPU.Build.0 = Release|Any CPU
		{F356BB75-0913-4C4B-A186-F553C7F3C7D1}.Release|iPhone.ActiveCfg = Release|Any CPU
		{F356BB75-0913-4C4B-A186-F553C7F3C7D1}.Release|iPhone.Build.0 = Release|Any CPU
		{F356BB75-0913-4C4B-A186-F553C7F3C7D1}.Release|iPhoneSimulator.ActiveCfg = Release|Any CPU
		{F356BB75-0913-4C4B-A186-F553C7F3C7D1}.Release|iPhoneSimulator.Build.0 = Release|Any CPU
		{74092D2A-5AC3-4AB0-8A30-D4F49A4162BC}.Ad-Hoc|Any CPU.ActiveCfg = Release|Any CPU
		{74092D2A-5AC3-4AB0-8A30-D4F49A4162BC}.Ad-Hoc|Any CPU.Build.0 = Release|Any CPU
		{74092D2A-5AC3-4AB0-8A30-D4F49A4162BC}.Ad-Hoc|Any CPU.Deploy.0 = Release|Any CPU
		{74092D2A-5AC3-4AB0-8A30-D4F49A4162BC}.Ad-Hoc|iPhone.ActiveCfg = Release|Any CPU
		{74092D2A-5AC3-4AB0-8A30-D4F49A4162BC}.Ad-Hoc|iPhone.Build.0 = Release|Any CPU
		{74092D2A-5AC3-4AB0-8A30-D4F49A4162BC}.Ad-Hoc|iPhone.Deploy.0 = Release|Any CPU
		{74092D2A-5AC3-4AB0-8A30-D4F49A4162BC}.Ad-Hoc|iPhoneSimulator.ActiveCfg = Release|Any CPU
		{74092D2A-5AC3-4AB0-8A30-D4F49A4162BC}.Ad-Hoc|iPhoneSimulator.Build.0 = Release|Any CPU
		{74092D2A-5AC3-4AB0-8A30-D4F49A4162BC}.Ad-Hoc|iPhoneSimulator.Deploy.0 = Release|Any CPU
		{74092D2A-5AC3-4AB0-8A30-D4F49A4162BC}.AppStore|Any CPU.ActiveCfg = Release|Any CPU
		{74092D2A-5AC3-4AB0-8A30-D4F49A4162BC}.AppStore|Any CPU.Build.0 = Release|Any CPU
		{74092D2A-5AC3-4AB0-8A30-D4F49A4162BC}.AppStore|Any CPU.Deploy.0 = Release|Any CPU
		{74092D2A-5AC3-4AB0-8A30-D4F49A4162BC}.AppStore|iPhone.ActiveCfg = Release|Any CPU
		{74092D2A-5AC3-4AB0-8A30-D4F49A4162BC}.AppStore|iPhone.Build.0 = Release|Any CPU
		{74092D2A-5AC3-4AB0-8A30-D4F49A4162BC}.AppStore|iPhone.Deploy.0 = Release|Any CPU
		{74092D2A-5AC3-4AB0-8A30-D4F49A4162BC}.AppStore|iPhoneSimulator.ActiveCfg = Release|Any CPU
		{74092D2A-5AC3-4AB0-8A30-D4F49A4162BC}.AppStore|iPhoneSimulator.Build.0 = Release|Any CPU
		{74092D2A-5AC3-4AB0-8A30-D4F49A4162BC}.AppStore|iPhoneSimulator.Deploy.0 = Release|Any CPU
		{74092D2A-5AC3-4AB0-8A30-D4F49A4162BC}.Debug|Any CPU.ActiveCfg = Debug|Any CPU
		{74092D2A-5AC3-4AB0-8A30-D4F49A4162BC}.Debug|Any CPU.Build.0 = Debug|Any CPU
		{74092D2A-5AC3-4AB0-8A30-D4F49A4162BC}.Debug|Any CPU.Deploy.0 = Debug|Any CPU
		{74092D2A-5AC3-4AB0-8A30-D4F49A4162BC}.Debug|iPhone.ActiveCfg = Debug|Any CPU
		{74092D2A-5AC3-4AB0-8A30-D4F49A4162BC}.Debug|iPhone.Build.0 = Debug|Any CPU
		{74092D2A-5AC3-4AB0-8A30-D4F49A4162BC}.Debug|iPhone.Deploy.0 = Debug|Any CPU
		{74092D2A-5AC3-4AB0-8A30-D4F49A4162BC}.Debug|iPhoneSimulator.ActiveCfg = Debug|Any CPU
		{74092D2A-5AC3-4AB0-8A30-D4F49A4162BC}.Debug|iPhoneSimulator.Build.0 = Debug|Any CPU
		{74092D2A-5AC3-4AB0-8A30-D4F49A4162BC}.Debug|iPhoneSimulator.Deploy.0 = Debug|Any CPU
		{74092D2A-5AC3-4AB0-8A30-D4F49A4162BC}.Release|Any CPU.ActiveCfg = Release|Any CPU
		{74092D2A-5AC3-4AB0-8A30-D4F49A4162BC}.Release|Any CPU.Build.0 = Release|Any CPU
		{74092D2A-5AC3-4AB0-8A30-D4F49A4162BC}.Release|Any CPU.Deploy.0 = Release|Any CPU
		{74092D2A-5AC3-4AB0-8A30-D4F49A4162BC}.Release|iPhone.ActiveCfg = Release|Any CPU
		{74092D2A-5AC3-4AB0-8A30-D4F49A4162BC}.Release|iPhone.Build.0 = Release|Any CPU
		{74092D2A-5AC3-4AB0-8A30-D4F49A4162BC}.Release|iPhone.Deploy.0 = Release|Any CPU
		{74092D2A-5AC3-4AB0-8A30-D4F49A4162BC}.Release|iPhoneSimulator.ActiveCfg = Release|Any CPU
		{74092D2A-5AC3-4AB0-8A30-D4F49A4162BC}.Release|iPhoneSimulator.Build.0 = Release|Any CPU
		{74092D2A-5AC3-4AB0-8A30-D4F49A4162BC}.Release|iPhoneSimulator.Deploy.0 = Release|Any CPU
		{A9670A63-EB4A-41C7-A109-FA7FD302B77F}.Ad-Hoc|Any CPU.ActiveCfg = Ad-Hoc|iPhone
		{A9670A63-EB4A-41C7-A109-FA7FD302B77F}.Ad-Hoc|iPhone.ActiveCfg = Ad-Hoc|iPhone
		{A9670A63-EB4A-41C7-A109-FA7FD302B77F}.Ad-Hoc|iPhone.Build.0 = Ad-Hoc|iPhone
		{A9670A63-EB4A-41C7-A109-FA7FD302B77F}.Ad-Hoc|iPhoneSimulator.ActiveCfg = Ad-Hoc|iPhoneSimulator
		{A9670A63-EB4A-41C7-A109-FA7FD302B77F}.Ad-Hoc|iPhoneSimulator.Build.0 = Ad-Hoc|iPhoneSimulator
		{A9670A63-EB4A-41C7-A109-FA7FD302B77F}.AppStore|Any CPU.ActiveCfg = AppStore|iPhone
		{A9670A63-EB4A-41C7-A109-FA7FD302B77F}.AppStore|iPhone.ActiveCfg = AppStore|iPhone
		{A9670A63-EB4A-41C7-A109-FA7FD302B77F}.AppStore|iPhone.Build.0 = AppStore|iPhone
		{A9670A63-EB4A-41C7-A109-FA7FD302B77F}.AppStore|iPhoneSimulator.ActiveCfg = AppStore|iPhoneSimulator
		{A9670A63-EB4A-41C7-A109-FA7FD302B77F}.AppStore|iPhoneSimulator.Build.0 = AppStore|iPhoneSimulator
		{A9670A63-EB4A-41C7-A109-FA7FD302B77F}.Debug|Any CPU.ActiveCfg = Debug|iPhone
		{A9670A63-EB4A-41C7-A109-FA7FD302B77F}.Debug|iPhone.ActiveCfg = Debug|iPhone
		{A9670A63-EB4A-41C7-A109-FA7FD302B77F}.Debug|iPhone.Build.0 = Debug|iPhone
		{A9670A63-EB4A-41C7-A109-FA7FD302B77F}.Debug|iPhoneSimulator.ActiveCfg = Debug|iPhoneSimulator
		{A9670A63-EB4A-41C7-A109-FA7FD302B77F}.Debug|iPhoneSimulator.Build.0 = Debug|iPhoneSimulator
		{A9670A63-EB4A-41C7-A109-FA7FD302B77F}.Release|Any CPU.ActiveCfg = Release|iPhone
		{A9670A63-EB4A-41C7-A109-FA7FD302B77F}.Release|iPhone.ActiveCfg = Release|iPhone
		{A9670A63-EB4A-41C7-A109-FA7FD302B77F}.Release|iPhone.Build.0 = Release|iPhone
		{A9670A63-EB4A-41C7-A109-FA7FD302B77F}.Release|iPhoneSimulator.ActiveCfg = Release|iPhoneSimulator
		{A9670A63-EB4A-41C7-A109-FA7FD302B77F}.Release|iPhoneSimulator.Build.0 = Release|iPhoneSimulator
	EndGlobalSection
	GlobalSection(SolutionProperties) = preSolution
		HideSolutionNode = FALSE
	EndGlobalSection
	GlobalSection(ExtensibilityGlobals) = postSolution
		SolutionGuid = {9FCA69B5-2A2D-4A98-84A8-79AC081EB5C8}
	EndGlobalSection
EndGlobal
